{
  "pins" : [
    {
      "identity" : "swift_qrcodejs",
      "kind" : "remoteSourceControl",
      "location" : "https://github.com/EFPrefix/swift_qrcodejs.git",
      "state" : {
        "revision" : "d1605333f7edac39b4518538ef4f2638fdd2e4d6",
        "version" : "2.3.1"
      }
    }
  ],
  "version" : 2
}
